{
    "_readme": [
        "This file locks the dependencies of your project to a known state",
        "Read more about it at http://getcomposer.org/doc/01-basic-usage.md#composer-lock-the-lock-file"
    ],
    "hash": "d34158198c546e8c102c157dc74d637f",
    "packages": [
        {
            "name": "DebugKit",
            "version": "2.2.1",
            "source": {
                "type": "git",
                "url": "https://github.com/cakephp/debug_kit",
                "reference": "origin/master"
            },
            "type": "cakephp-plugin"
        },
        {
            "name": "Stripe",
            "version": "1.0.2",
            "source": {
                "type": "git",
                "url": "https://github.com/chronon/CakePHP-StripeComponent-Plugin",
                "reference": "origin/master"
            },
            "type": "cakephp-plugin"
        },
        {
            "name": "TwitterBootstrap",
            "version": "2.1",
            "source": {
                "type": "git",
                "url": "https://github.com/loadsys/twitter-bootstrap-helper",
                "reference": "origin/2.1"
            },
            "type": "cakephp-plugin"
        },
        {
            "name": "composer/installers",
            "version": "dev-master",
            "source": {
                "type": "git",
                "url": "https://github.com/composer/installers.git",
                "reference": "b3bd071ea114a57212c75aa6a2eef5cfe0cc798f"
            },
            "dist": {
                "type": "zip",
                "url": "https://api.github.com/repos/composer/installers/zipball/b3bd071ea114a57212c75aa6a2eef5cfe0cc798f",
                "reference": "b3bd071ea114a57212c75aa6a2eef5cfe0cc798f",
                "shasum": ""
            },
            "replace": {
                "shama/baton": "*"
            },
            "require-dev": {
                "composer/composer": "1.0.*@dev",
                "phpunit/phpunit": "3.7.*"
            },
            "type": "composer-installer",
            "extra": {
                "class": "Composer\\Installers\\Installer",
                "branch-alias": {
                    "dev-master": "1.0-dev"
                }
            },
            "autoload": {
                "psr-0": {
                    "Composer\\Installers\\": "src/"
                }
            },
            "notification-url": "https://packagist.org/downloads/",
            "license": [
                "MIT"
            ],
            "authors": [
                {
                    "name": "Kyle Robinson Young",
                    "email": "kyle@dontkry.com",
                    "homepage": "https://github.com/shama",
                    "role": "Developer"
                }
            ],
            "description": "A multi-framework Composer library installer",
            "homepage": "http://composer.github.com/installers/",
            "keywords": [
                "TYPO3 CMS",
                "TYPO3 Flow",
                "TYPO3 Neos",
                "agl",
                "cakephp",
                "codeigniter",
                "drupal",
                "fuelphp",
                "installer",
                "joomla",
                "kohana",
                "laravel",
                "li3",
                "lithium",
                "mako",
                "modulework",
                "phpbb",
                "ppi",
                "silverstripe",
                "symfony",
                "wordpress",
                "zend"
            ],
            "time": "2013-08-20 04:37:09"
        },
        {
            "name": "font-awesome",
            "version": "3.2.1",
            "source": {
                "type": "git",
                "url": "https://github.com/FortAwesome/Font-Awesome/",
                "reference": "origin/master"
            },
            "type": "library"
        },
        {
            "name": "kriskd/cakephp2.0-image-upload",
            "version": "master",
            "source": {
                "type": "git",
                "url": "git://github.com/kriskd/cakephp2.0-image-upload.git",
                "reference": "origin/master"
            },
            "type": "library",
            "time": "2013-09-07 19:54:09"
        },
        {
            "name": "stripe/stripe-php",
            "version": "1.8.3",
            "source": {
                "type": "git",
                "url": "https://github.com/stripe/stripe-php",
                "reference": "origin/master"
            },
            "type": "library"
        },
        {
            "name": "twbs/bootstrap",
            "version": "v3.0.0",
            "source": {
                "type": "git",
                "url": "https://github.com/twbs/bootstrap",
                "reference": "origin/master"
            },
            "type": "library"
        }
    ],
    "packages-dev": [

    ],
    "aliases": [

    ],
    "minimum-stability": "stable",
    "stability-flags": {
        "composer/installers": 20,
        "kriskd/cakephp2.0-image-upload": 20
    },
    "platform": [

    ],
    "platform-dev": [

    ]
}
