{
    "_readme": [
        "This file locks the dependencies of your project to a known state",
        "Read more about it at http://getcomposer.org/doc/01-basic-usage.md#composer-lock-the-lock-file"
    ],
    "hash": "90cb83f228ef25813ae29cbf0653249e",
    "packages": [
        {
            "name": "DebugKit",
            "version": "2.2.1",
            "source": {
                "type": "git",
                "url": "https://github.com/cakephp/debug_kit",
                "reference": "origin/master"
            },
            "type": "cakephp-plugin"
        },
        {
            "name": "Stripe",
            "version": "1.0.2",
            "source": {
                "type": "git",
                "url": "https://github.com/chronon/CakePHP-StripeComponent-Plugin",
                "reference": "origin/master"
            },
            "type": "cakephp-plugin"
        },
        {
            "name": "TwitterBootstrap",
            "version": "2.1",
            "source": {
                "type": "git",
                "url": "https://github.com/loadsys/twitter-bootstrap-helper",
                "reference": "origin/2.1"
            },
            "type": "cakephp-plugin"
        },
        {
            "name": "composer/installers",
            "version": "dev-master",
            "source": {
                "type": "git",
                "url": "https://github.com/composer/installers.git",
                "reference": "46085247845046fadfdbf1b3d8ac851fa90a48d5"
            },
            "dist": {
                "type": "zip",
                "url": "https://api.github.com/repos/composer/installers/zipball/46085247845046fadfdbf1b3d8ac851fa90a48d5",
                "reference": "46085247845046fadfdbf1b3d8ac851fa90a48d5",
                "shasum": ""
            },
            "replace": {
                "shama/baton": "*"
            },
            "require-dev": {
                "composer/composer": "1.0.*@dev",
                "phpunit/phpunit": "3.7.*"
            },
            "type": "composer-installer",
            "extra": {
                "class": "Composer\\Installers\\Installer",
                "branch-alias": {
                    "dev-master": "1.0-dev"
                }
            },
            "autoload": {
                "psr-0": {
                    "Composer\\Installers\\": "src/"
                }
            },
            "notification-url": "https://packagist.org/downloads/",
            "license": [
                "MIT"
            ],
            "authors": [
                {
                    "name": "Kyle Robinson Young",
                    "email": "kyle@dontkry.com",
                    "homepage": "https://github.com/shama",
                    "role": "Developer"
                }
            ],
            "description": "A multi-framework Composer library installer",
            "homepage": "http://composer.github.com/installers/",
            "keywords": [
                "TYPO3 CMS",
                "TYPO3 Flow",
                "TYPO3 Neos",
                "agl",
                "cakephp",
                "codeigniter",
                "drupal",
                "fuelphp",
                "installer",
                "joomla",
                "kohana",
                "laravel",
                "li3",
                "lithium",
                "mako",
                "modulework",
                "phpbb",
                "ppi",
                "silverstripe",
                "symfony",
                "wordpress",
                "zend"
            ],
            "time": "2013-10-11 03:22:56"
        },
        {
            "name": "kriskd/cakephp2.0-image-upload",
            "version": "master",
            "source": {
                "type": "git",
                "url": "git://github.com/kriskd/cakephp2.0-image-upload.git",
                "reference": "origin/master"
            },
            "type": "library",
            "time": "2013-09-07 19:54:09"
        },
        {
            "name": "mjohnson/transit",
            "version": "1.4.4",
            "source": {
                "type": "git",
                "url": "https://github.com/milesj/transit.git",
                "reference": "5ec7ecb99cce1998cb7c8c46837b5f662424d766"
            },
            "dist": {
                "type": "zip",
                "url": "https://api.github.com/repos/milesj/transit/zipball/5ec7ecb99cce1998cb7c8c46837b5f662424d766",
                "reference": "5ec7ecb99cce1998cb7c8c46837b5f662424d766",
                "shasum": ""
            },
            "require": {
                "ext-curl": "*",
                "ext-fileinfo": "*",
                "ext-mbstring": "*",
                "php": ">=5.3.3"
            },
            "require-dev": {
                "aws/aws-sdk-php": "~2.2",
                "ext-exif": "*"
            },
            "suggest": {
                "aws/aws-sdk-php": "~2.2",
                "ext-exif": "Extract exif data from images",
                "ext-gd": "Enable the GD library for image transforming"
            },
            "type": "library",
            "autoload": {
                "psr-0": {
                    "Transit": "src/"
                }
            },
            "notification-url": "https://packagist.org/downloads/",
            "license": [
                "MIT"
            ],
            "authors": [
                {
                    "name": "Miles Johnson",
                    "homepage": "http://milesj.me"
                }
            ],
            "description": "A file uploader with support for validation, image transformation and remote transportation.",
            "homepage": "http://milesj.me/code/php/transit",
            "keywords": [
                "application",
                "archive",
                "audio",
                "exif",
                "file",
                "glacier",
                "image",
                "importer",
                "s3",
                "text",
                "transformer",
                "transit",
                "transporter",
                "uploader",
                "validator",
                "video"
            ],
            "time": "2013-09-15 08:42:19"
        },
        {
            "name": "mjohnson/uploader",
            "version": "4.3.5",
            "source": {
                "type": "git",
                "url": "https://github.com/milesj/uploader.git",
                "reference": "c5b3085b7cc00c0491c39e72e0c143cabd6312a4"
            },
            "dist": {
                "type": "zip",
                "url": "https://api.github.com/repos/milesj/uploader/zipball/c5b3085b7cc00c0491c39e72e0c143cabd6312a4",
                "reference": "c5b3085b7cc00c0491c39e72e0c143cabd6312a4",
                "shasum": ""
            },
            "require": {
                "composer/installers": "*",
                "ext-curl": "*",
                "ext-fileinfo": "*",
                "ext-mbstring": "*",
                "mjohnson/transit": "~1.4",
                "php": ">=5.3.3"
            },
            "suggest": {
                "aws/aws-sdk-php": "~2.2",
                "ext-exif": "Extract exif data from images",
                "ext-gd": "Enable the GD library for image transforming"
            },
            "type": "cakephp-plugin",
            "notification-url": "https://packagist.org/downloads/",
            "license": [
                "MIT"
            ],
            "authors": [
                {
                    "name": "Miles Johnson",
                    "homepage": "http://milesj.me"
                }
            ],
            "description": "File uploader and validation plugin for CakePHP.",
            "homepage": "http://milesj.me/code/cakephp/uploader",
            "keywords": [
                "attachment",
                "cakephp",
                "file",
                "plugin",
                "uploader",
                "validation"
            ],
            "time": "2013-10-01 02:23:09"
        },
        {
            "name": "stripe/stripe-php",
            "version": "1.8.3",
            "source": {
                "type": "git",
                "url": "https://github.com/stripe/stripe-php",
                "reference": "origin/master"
            },
            "type": "library"
        },
        {
            "name": "twbs/bootstrap",
            "version": "v3.0.0",
            "source": {
                "type": "git",
                "url": "https://github.com/twbs/bootstrap",
                "reference": "origin/master"
            },
            "type": "library"
        }
    ],
    "packages-dev": [

    ],
    "aliases": [

    ],
    "minimum-stability": "stable",
    "stability-flags": {
        "composer/installers": 20,
        "kriskd/cakephp2.0-image-upload": 20
    },
    "platform": [

    ],
    "platform-dev": [

    ]
}
